{
  "name": "lakeshore-outdoor-services",
  "version": "0.1.0",
  "lockfileVersion": 3,
  "requires": true,
  "packages": {
    "": {
      "name": "lakeshore-outdoor-services",
      "version": "0.1.0",
      "private": true,
      "devDependencies": {
        "@astrojs/sitemap": "^3.1.4",
        "astro": "^4.12.0"
      }
    }
  },
  "dependencies": {
    "@astrojs/sitemap": {
      "version": "^3.1.4",
      "dev": true
    },
    "astro": {
      "version": "^4.12.0",
      "dev": true
    }
  }
}
